
Microsoft Visual Studio Solution File, Format Version 12.00
# Visual Studio Version 16
VisualStudioVersion = 16.0.29728.190
MinimumVisualStudioVersion = 10.0.40219.1
Project("{FAE04EC0-301F-11D3-BF4B-00C04F79EFBC}") = "DemoWebApp", "DemoWebApp.csproj", "{AD0088A7-FF98-4ED3-9D64-EEE9179F6136}"
EndProject
Global
	GlobalSection(SolutionConfigurationPlatforms) = preSolution
		Debug|Any CPU = Debug|Any CPU
		Release|Any CPU = Release|Any CPU
	EndGlobalSection
	GlobalSection(ProjectConfigurationPlatforms) = postSolution
		{AD0088A7-FF98-4ED3-9D64-EEE9179F6136}.Debug|Any CPU.ActiveCfg = Debug|Any CPU
		{AD0088A7-FF98-4ED3-9D64-EEE9179F6136}.Debug|Any CPU.Build.0 = Debug|Any CPU
		{AD0088A7-FF98-4ED3-9D64-EEE9179F6136}.Release|Any CPU.ActiveCfg = Release|Any CPU
		{AD0088A7-FF98-4ED3-9D64-EEE9179F6136}.Release|Any CPU.Build.0 = Release|Any CPU
	EndGlobalSection
	GlobalSection(SolutionProperties) = preSolution
		HideSolutionNode = FALSE
	EndGlobalSection
	GlobalSection(ExtensibilityGlobals) = postSolution
		SolutionGuid = {F0B009BC-7A2B-4351-825C-BAEA2A6DCF22}
	EndGlobalSection
EndGlobal
